
Microsoft Visual Studio Solution File, Format Version 12.00
# Visual Studio Version 17
VisualStudioVersion = 17.1.32328.378
MinimumVisualStudioVersion = 10.0.40219.1
Project("{9A19103F-16F7-4668-BE54-9A1E7A4F7556}") = "Prototype.Identity", "Prototype.Identity\Prototype.Identity.csproj", "{7321D492-D1D5-4790-A2FC-1FB7D6D3849C}"
EndProject
Global
	GlobalSection(SolutionConfigurationPlatforms) = preSolution
		Debug|Any CPU = Debug|Any CPU
		Release|Any CPU = Release|Any CPU
	EndGlobalSection
	GlobalSection(ProjectConfigurationPlatforms) = postSolution
		{7321D492-D1D5-4790-A2FC-1FB7D6D3849C}.Debug|Any CPU.ActiveCfg = Debug|Any CPU
		{7321D492-D1D5-4790-A2FC-1FB7D6D3849C}.Debug|Any CPU.Build.0 = Debug|Any CPU
		{7321D492-D1D5-4790-A2FC-1FB7D6D3849C}.Release|Any CPU.ActiveCfg = Release|Any CPU
		{7321D492-D1D5-4790-A2FC-1FB7D6D3849C}.Release|Any CPU.Build.0 = Release|Any CPU
	EndGlobalSection
	GlobalSection(SolutionProperties) = preSolution
		HideSolutionNode = FALSE
	EndGlobalSection
	GlobalSection(ExtensibilityGlobals) = postSolution
		SolutionGuid = {968F656E-F9EB-4B9D-B060-DE026F2E03B1}
	EndGlobalSection
EndGlobal
